
Microsoft Visual Studio Solution File, Format Version 12.00
# Visual Studio 15
VisualStudioVersion = 15.0.27004.2006
MinimumVisualStudioVersion = 10.0.40219.1
Project("{FAE04EC0-301F-11D3-BF4B-00C04F79EFBC}") = "AdminApp", "AdminApp\AdminApp.csproj", "{D7D3175D-54B5-4C24-9E1F-1A2A198E51D1}"
EndProject
Global
	GlobalSection(SolutionConfigurationPlatforms) = preSolution
		Debug|Any CPU = Debug|Any CPU
		Release|Any CPU = Release|Any CPU
	EndGlobalSection
	GlobalSection(ProjectConfigurationPlatforms) = postSolution
		{D7D3175D-54B5-4C24-9E1F-1A2A198E51D1}.Debug|Any CPU.ActiveCfg = Debug|Any CPU
		{D7D3175D-54B5-4C24-9E1F-1A2A198E51D1}.Debug|Any CPU.Build.0 = Debug|Any CPU
		{D7D3175D-54B5-4C24-9E1F-1A2A198E51D1}.Release|Any CPU.ActiveCfg = Release|Any CPU
		{D7D3175D-54B5-4C24-9E1F-1A2A198E51D1}.Release|Any CPU.Build.0 = Release|Any CPU
	EndGlobalSection
	GlobalSection(SolutionProperties) = preSolution
		HideSolutionNode = FALSE
	EndGlobalSection
	GlobalSection(ExtensibilityGlobals) = postSolution
		SolutionGuid = {F2259840-8D3F-4A43-B19E-368187CB5F30}
	EndGlobalSection
EndGlobal
